
Microsoft Visual Studio Solution File, Format Version 12.00
# Visual Studio Version 16
VisualStudioVersion = 16.0.30517.126
MinimumVisualStudioVersion = 10.0.40219.1
Project("{FAE04EC0-301F-11D3-BF4B-00C04F79EFBC}") = "Cab_Invoice_Generator", "Cab_Invoice_Generator\Cab_Invoice_Generator.csproj", "{98BC45F2-8015-4276-AC36-AD582EBA9242}"
EndProject
Project("{FAE04EC0-301F-11D3-BF4B-00C04F79EFBC}") = "Cab_Invoice_Generator_Program_Test", "Cab_Invoice_Generator_Program_Test\Cab_Invoice_Generator_Program_Test.csproj", "{74819552-C2E1-419E-AFFA-76221CF2ABA7}"
EndProject
Global
	GlobalSection(SolutionConfigurationPlatforms) = preSolution
		Debug|Any CPU = Debug|Any CPU
		Release|Any CPU = Release|Any CPU
	EndGlobalSection
	GlobalSection(ProjectConfigurationPlatforms) = postSolution
		{98BC45F2-8015-4276-AC36-AD582EBA9242}.Debug|Any CPU.ActiveCfg = Debug|Any CPU
		{98BC45F2-8015-4276-AC36-AD582EBA9242}.Debug|Any CPU.Build.0 = Debug|Any CPU
		{98BC45F2-8015-4276-AC36-AD582EBA9242}.Release|Any CPU.ActiveCfg = Release|Any CPU
		{98BC45F2-8015-4276-AC36-AD582EBA9242}.Release|Any CPU.Build.0 = Release|Any CPU
		{74819552-C2E1-419E-AFFA-76221CF2ABA7}.Debug|Any CPU.ActiveCfg = Debug|Any CPU
		{74819552-C2E1-419E-AFFA-76221CF2ABA7}.Debug|Any CPU.Build.0 = Debug|Any CPU
		{74819552-C2E1-419E-AFFA-76221CF2ABA7}.Release|Any CPU.ActiveCfg = Release|Any CPU
		{74819552-C2E1-419E-AFFA-76221CF2ABA7}.Release|Any CPU.Build.0 = Release|Any CPU
	EndGlobalSection
	GlobalSection(SolutionProperties) = preSolution
		HideSolutionNode = FALSE
	EndGlobalSection
	GlobalSection(ExtensibilityGlobals) = postSolution
		SolutionGuid = {981098C3-04FD-4A8D-A8B8-7AF16E157636}
	EndGlobalSection
EndGlobal
